Microsoft Visual Studio Solution File, Format Version 11.00
# Visual Studio 2010
Project("{F184B08F-C81C-45F6-A57F-5ABD9991F28F}") = "CrosshairCursorCustomDraw", "CrosshairCursorCustomDraw\CrosshairCursorCustomDraw.vbproj", "{5AA3ACBE-1CA6-4F75-85A3-F09F4F520D3E}"
EndProject
Project("{F184B08F-C81C-45F6-A57F-5ABD9991F28F}") = "CrosshairCursorCustomDraw.Web", "CrosshairCursorCustomDraw.Web\CrosshairCursorCustomDraw.Web.vbproj", "{F068D45C-110B-4783-9AA7-C7C4D041E58A}"
EndProject
Global
	GlobalSection(SolutionConfigurationPlatforms) = preSolution
		Debug|Any CPU = Debug|Any CPU
		Release|Any CPU = Release|Any CPU
	EndGlobalSection
	GlobalSection(ProjectConfigurationPlatforms) = postSolution
		{5AA3ACBE-1CA6-4F75-85A3-F09F4F520D3E}.Debug|Any CPU.ActiveCfg = Debug|Any CPU
		{5AA3ACBE-1CA6-4F75-85A3-F09F4F520D3E}.Debug|Any CPU.Build.0 = Debug|Any CPU
		{5AA3ACBE-1CA6-4F75-85A3-F09F4F520D3E}.Release|Any CPU.ActiveCfg = Release|Any CPU
		{5AA3ACBE-1CA6-4F75-85A3-F09F4F520D3E}.Release|Any CPU.Build.0 = Release|Any CPU
		{F068D45C-110B-4783-9AA7-C7C4D041E58A}.Debug|Any CPU.ActiveCfg = Debug|Any CPU
		{F068D45C-110B-4783-9AA7-C7C4D041E58A}.Debug|Any CPU.Build.0 = Debug|Any CPU
		{F068D45C-110B-4783-9AA7-C7C4D041E58A}.Release|Any CPU.ActiveCfg = Release|Any CPU
		{F068D45C-110B-4783-9AA7-C7C4D041E58A}.Release|Any CPU.Build.0 = Release|Any CPU
	EndGlobalSection
	GlobalSection(SolutionProperties) = preSolution
		HideSolutionNode = FALSE
	EndGlobalSection
EndGlobal
